// !$*UTF8*$!
{
	archiveVersion = 1;
	classes = {
	};
	objectVersion = 46;
	objects = {

/* Begin PBXBuildFile section */
		C2534C102606531D17AA576B /* libPods.a in Frameworks */ = {isa = PBXBuildFile; fileRef = B332D98966F5930A506669D6 /* libPods.a */; };
		DCD97AB41C92896800C6F4F0 /* DetailViewController.swift in Sources */ = {isa = PBXBuildFile; fileRef = DCD97AA81C92896800C6F4F0 /* DetailViewController.swift */; };
		DCD97AB51C92896800C6F4F0 /* DrawerBaseViewController.swift in Sources */ = {isa = PBXBuildFile; fileRef = DCD97AA91C92896800C6F4F0 /* DrawerBaseViewController.swift */; };
		DCD97AB61C92896800C6F4F0 /* GA_TopBarVIew.swift in Sources */ = {isa = PBXBuildFile; fileRef = DCD97AAA1C92896800C6F4F0 /* GA_TopBarVIew.swift */; };
		DCD97AB71C92896800C6F4F0 /* GA_TopBarVIew.xib in Resources */ = {isa = PBXBuildFile; fileRef = DCD97AAB1C92896800C6F4F0 /* GA_TopBarVIew.xib */; };
		DCD97AB81C92896800C6F4F0 /* MainViewController.swift in Sources */ = {isa = PBXBuildFile; fileRef = DCD97AAC1C92896800C6F4F0 /* MainViewController.swift */; };
		DCD97AB91C92896800C6F4F0 /* LeftCellView.swift in Sources */ = {isa = PBXBuildFile; fileRef = DCD97AAD1C92896800C6F4F0 /* LeftCellView.swift */; };
		DCD97ABA1C92896800C6F4F0 /* LeftCellView.xib in Resources */ = {isa = PBXBuildFile; fileRef = DCD97AAE1C92896800C6F4F0 /* LeftCellView.xib */; };
		DCD97ABB1C92896800C6F4F0 /* LeftView.swift in Sources */ = {isa = PBXBuildFile; fileRef = DCD97AAF1C92896800C6F4F0 /* LeftView.swift */; };
		DCD97ABC1C92896800C6F4F0 /* LeftView.xib in Resources */ = {isa = PBXBuildFile; fileRef = DCD97AB01C92896800C6F4F0 /* LeftView.xib */; };
		DCD97ABD1C92896800C6F4F0 /* HomeViewController.swift in Sources */ = {isa = PBXBuildFile; fileRef = DCD97AB11C92896800C6F4F0 /* HomeViewController.swift */; };
		DCD97ABE1C92896800C6F4F0 /* MyDrawer.storyboard in Resources */ = {isa = PBXBuildFile; fileRef = DCD97AB21C92896800C6F4F0 /* MyDrawer.storyboard */; };
		DCD97ABF1C92896800C6F4F0 /* themeDrawer.swift in Sources */ = {isa = PBXBuildFile; fileRef = DCD97AB31C92896800C6F4F0 /* themeDrawer.swift */; };
		DCEDECAD1C91553400B3EBE4 /* AppDelegate.swift in Sources */ = {isa = PBXBuildFile; fileRef = DCEDECAC1C91553400B3EBE4 /* AppDelegate.swift */; };
		DCEDECB21C91553400B3EBE4 /* Main.storyboard in Resources */ = {isa = PBXBuildFile; fileRef = DCEDECB01C91553400B3EBE4 /* Main.storyboard */; };
		DCEDECB41C91553400B3EBE4 /* Assets.xcassets in Resources */ = {isa = PBXBuildFile; fileRef = DCEDECB31C91553400B3EBE4 /* Assets.xcassets */; };
		DCEDECB71C91553400B3EBE4 /* LaunchScreen.storyboard in Resources */ = {isa = PBXBuildFile; fileRef = DCEDECB51C91553400B3EBE4 /* LaunchScreen.storyboard */; };
		DCEDECC21C91553400B3EBE4 /* GA_DrawerTests.swift in Sources */ = {isa = PBXBuildFile; fileRef = DCEDECC11C91553400B3EBE4 /* GA_DrawerTests.swift */; };
		DCEDECCD1C91553400B3EBE4 /* GA_DrawerUITests.swift in Sources */ = {isa = PBXBuildFile; fileRef = DCEDECCC1C91553400B3EBE4 /* GA_DrawerUITests.swift */; };
/* End PBXBuildFile section */

/* Begin PBXContainerItemProxy section */
		DCEDECBE1C91553400B3EBE4 /* PBXContainerItemProxy */ = {
			isa = PBXContainerItemProxy;
			containerPortal = DCEDECA11C91553400B3EBE4 /* Project object */;
			proxyType = 1;
			remoteGlobalIDString = DCEDECA81C91553400B3EBE4;
			remoteInfo = GA_Drawer;
		};
		DCEDECC91C91553400B3EBE4 /* PBXContainerItemProxy */ = {
			isa = PBXContainerItemProxy;
			containerPortal = DCEDECA11C91553400B3EBE4 /* Project object */;
			proxyType = 1;
			remoteGlobalIDString = DCEDECA81C91553400B3EBE4;
			remoteInfo = GA_Drawer;
		};
/* End PBXContainerItemProxy section */

/* Begin PBXFileReference section */
		6F9808266D8F48E772C745B6 /* Pods.release.xcconfig */ = {isa = PBXFileReference; includeInIndex = 1; lastKnownFileType = text.xcconfig; name = Pods.release.xcconfig; path = "Pods/Target Support Files/Pods/Pods.release.xcconfig"; sourceTree = "<group>"; };
		B332D98966F5930A506669D6 /* libPods.a */ = {isa = PBXFileReference; explicitFileType = archive.ar; includeInIndex = 0; path = libPods.a; sourceTree = BUILT_PRODUCTS_DIR; };
		DCBB176A1C916B460035CB40 /* Header.h */ = {isa = PBXFileReference; lastKnownFileType = sourcecode.c.h; path = Header.h; sourceTree = "<group>"; };
		DCD97AA81C92896800C6F4F0 /* DetailViewController.swift */ = {isa = PBXFileReference; fileEncoding = 4; lastKnownFileType = sourcecode.swift; path = DetailViewController.swift; sourceTree = "<group>"; };
		DCD97AA91C92896800C6F4F0 /* DrawerBaseViewController.swift */ = {isa = PBXFileReference; fileEncoding = 4; lastKnownFileType = sourcecode.swift; path = DrawerBaseViewController.swift; sourceTree = "<group>"; };
		DCD97AAA1C92896800C6F4F0 /* GA_TopBarVIew.swift */ = {isa = PBXFileReference; fileEncoding = 4; lastKnownFileType = sourcecode.swift; path = GA_TopBarVIew.swift; sourceTree = "<group>"; };
		DCD97AAB1C92896800C6F4F0 /* GA_TopBarVIew.xib */ = {isa = PBXFileReference; fileEncoding = 4; lastKnownFileType = file.xib; path = GA_TopBarVIew.xib; sourceTree = "<group>"; };
		DCD97AAC1C92896800C6F4F0 /* MainViewController.swift */ = {isa = PBXFileReference; fileEncoding = 4; lastKnownFileType = sourcecode.swift; path = MainViewController.swift; sourceTree = "<group>"; };
		DCD97AAD1C92896800C6F4F0 /* LeftCellView.swift */ = {isa = PBXFileReference; fileEncoding = 4; lastKnownFileType = sourcecode.swift; path = LeftCellView.swift; sourceTree = "<group>"; };
		DCD97AAE1C92896800C6F4F0 /* LeftCellView.xib */ = {isa = PBXFileReference; fileEncoding = 4; lastKnownFileType = file.xib; path = LeftCellView.xib; sourceTree = "<group>"; };
		DCD97AAF1C92896800C6F4F0 /* LeftView.swift */ = {isa = PBXFileReference; fileEncoding = 4; lastKnownFileType = sourcecode.swift; path = LeftView.swift; sourceTree = "<group>"; };
		DCD97AB01C92896800C6F4F0 /* LeftView.xib */ = {isa = PBXFileReference; fileEncoding = 4; lastKnownFileType = file.xib; path = LeftView.xib; sourceTree = "<group>"; };
		DCD97AB11C92896800C6F4F0 /* HomeViewController.swift */ = {isa = PBXFileReference; fileEncoding = 4; lastKnownFileType = sourcecode.swift; path = HomeViewController.swift; sourceTree = "<group>"; };
		DCD97AB21C92896800C6F4F0 /* MyDrawer.storyboard */ = {isa = PBXFileReference; fileEncoding = 4; lastKnownFileType = file.storyboard; path = MyDrawer.storyboard; sourceTree = "<group>"; };
		DCD97AB31C92896800C6F4F0 /* themeDrawer.swift */ = {isa = PBXFileReference; fileEncoding = 4; lastKnownFileType = sourcecode.swift; path = themeDrawer.swift; sourceTree = "<group>"; };
		DCEDECA91C91553400B3EBE4 /* GA_Drawer.app */ = {isa = PBXFileReference; explicitFileType = wrapper.application; includeInIndex = 0; path = GA_Drawer.app; sourceTree = BUILT_PRODUCTS_DIR; };
		DCEDECAC1C91553400B3EBE4 /* AppDelegate.swift */ = {isa = PBXFileReference; lastKnownFileType = sourcecode.swift; path = AppDelegate.swift; sourceTree = "<group>"; };
		DCEDECB11C91553400B3EBE4 /* Base */ = {isa = PBXFileReference; lastKnownFileType = file.storyboard; name = Base; path = Base.lproj/Main.storyboard; sourceTree = "<group>"; };
		DCEDECB31C91553400B3EBE4 /* Assets.xcassets */ = {isa = PBXFileReference; lastKnownFileType = folder.assetcatalog; path = Assets.xcassets; sourceTree = "<group>"; };
		DCEDECB61C91553400B3EBE4 /* Base */ = {isa = PBXFileReference; lastKnownFileType = file.storyboard; name = Base; path = Base.lproj/LaunchScreen.storyboard; sourceTree = "<group>"; };
		DCEDECB81C91553400B3EBE4 /* Info.plist */ = {isa = PBXFileReference; lastKnownFileType = text.plist.xml; path = Info.plist; sourceTree = "<group>"; };
		DCEDECBD1C91553400B3EBE4 /* GA_DrawerTests.xctest */ = {isa = PBXFileReference; explicitFileType = wrapper.cfbundle; includeInIndex = 0; path = GA_DrawerTests.xctest; sourceTree = BUILT_PRODUCTS_DIR; };
		DCEDECC11C91553400B3EBE4 /* GA_DrawerTests.swift */ = {isa = PBXFileReference; lastKnownFileType = sourcecode.swift; path = GA_DrawerTests.swift; sourceTree = "<group>"; };
		DCEDECC31C91553400B3EBE4 /* Info.plist */ = {isa = PBXFileReference; lastKnownFileType = text.plist.xml; path = Info.plist; sourceTree = "<group>"; };
		DCEDECC81C91553400B3EBE4 /* GA_DrawerUITests.xctest */ = {isa = PBXFileReference; explicitFileType = wrapper.cfbundle; includeInIndex = 0; path = GA_DrawerUITests.xctest; sourceTree = BUILT_PRODUCTS_DIR; };
		DCEDECCC1C91553400B3EBE4 /* GA_DrawerUITests.swift */ = {isa = PBXFileReference; lastKnownFileType = sourcecode.swift; path = GA_DrawerUITests.swift; sourceTree = "<group>"; };
		DCEDECCE1C91553400B3EBE4 /* Info.plist */ = {isa = PBXFileReference; lastKnownFileType = text.plist.xml; path = Info.plist; sourceTree = "<group>"; };
		EF411B5089EFF6D42D444F58 /* Pods.debug.xcconfig */ = {isa = PBXFileReference; includeInIndex = 1; lastKnownFileType = text.xcconfig; name = Pods.debug.xcconfig; path = "Pods/Target Support Files/Pods/Pods.debug.xcconfig"; sourceTree = "<group>"; };
/* End PBXFileReference section */

/* Begin PBXFrameworksBuildPhase section */
		DCEDECA61C91553400B3EBE4 /* Frameworks */ = {
			isa = PBXFrameworksBuildPhase;
			buildActionMask = 2147483647;
			files = (
				C2534C102606531D17AA576B /* libPods.a in Frameworks */,
			);
			runOnlyForDeploymentPostprocessing = 0;
		};
		DCEDECBA1C91553400B3EBE4 /* Frameworks */ = {
			isa = PBXFrameworksBuildPhase;
			buildActionMask = 2147483647;
			files = (
			);
			runOnlyForDeploymentPostprocessing = 0;
		};
		DCEDECC51C91553400B3EBE4 /* Frameworks */ = {
			isa = PBXFrameworksBuildPhase;
			buildActionMask = 2147483647;
			files = (
			);
			runOnlyForDeploymentPostprocessing = 0;
		};
/* End PBXFrameworksBuildPhase section */

/* Begin PBXGroup section */
		177D8A63A6E44445B5D68CDE /* Pods */ = {
			isa = PBXGroup;
			children = (
				EF411B5089EFF6D42D444F58 /* Pods.debug.xcconfig */,
				6F9808266D8F48E772C745B6 /* Pods.release.xcconfig */,
			);
			name = Pods;
			sourceTree = "<group>";
		};
		DCD97AA71C92891F00C6F4F0 /* Drawer */ = {
			isa = PBXGroup;
			children = (
				DCD97AA91C92896800C6F4F0 /* DrawerBaseViewController.swift */,
				DCD97AAC1C92896800C6F4F0 /* MainViewController.swift */,
				DCD97AB11C92896800C6F4F0 /* HomeViewController.swift */,
				DCD97AA81C92896800C6F4F0 /* DetailViewController.swift */,
				DCD97AAA1C92896800C6F4F0 /* GA_TopBarVIew.swift */,
				DCD97AAB1C92896800C6F4F0 /* GA_TopBarVIew.xib */,
				DCD97AAD1C92896800C6F4F0 /* LeftCellView.swift */,
				DCD97AAE1C92896800C6F4F0 /* LeftCellView.xib */,
				DCD97AAF1C92896800C6F4F0 /* LeftView.swift */,
				DCD97AB01C92896800C6F4F0 /* LeftView.xib */,
				DCD97AB21C92896800C6F4F0 /* MyDrawer.storyboard */,
				DCD97AB31C92896800C6F4F0 /* themeDrawer.swift */,
			);
			path = Drawer;
			sourceTree = "<group>";
		};
		DCEDECA01C91553400B3EBE4 = {
			isa = PBXGroup;
			children = (
				DCEDECAB1C91553400B3EBE4 /* GA_Drawer */,
				DCEDECC01C91553400B3EBE4 /* GA_DrawerTests */,
				DCEDECCB1C91553400B3EBE4 /* GA_DrawerUITests */,
				DCEDECAA1C91553400B3EBE4 /* Products */,
				177D8A63A6E44445B5D68CDE /* Pods */,
				E9FA5552FE068AE42E1CCEF8 /* Frameworks */,
			);
			sourceTree = "<group>";
		};
		DCEDECAA1C91553400B3EBE4 /* Products */ = {
			isa = PBXGroup;
			children = (
				DCEDECA91C91553400B3EBE4 /* GA_Drawer.app */,
				DCEDECBD1C91553400B3EBE4 /* GA_DrawerTests.xctest */,
				DCEDECC81C91553400B3EBE4 /* GA_DrawerUITests.xctest */,
			);
			name = Products;
			sourceTree = "<group>";
		};
		DCEDECAB1C91553400B3EBE4 /* GA_Drawer */ = {
			isa = PBXGroup;
			children = (
				DCEDECAC1C91553400B3EBE4 /* AppDelegate.swift */,
				DCD97AA71C92891F00C6F4F0 /* Drawer */,
				DCEDECB01C91553400B3EBE4 /* Main.storyboard */,
				DCEDECB31C91553400B3EBE4 /* Assets.xcassets */,
				DCEDECB51C91553400B3EBE4 /* LaunchScreen.storyboard */,
				DCEDECB81C91553400B3EBE4 /* Info.plist */,
				DCBB176A1C916B460035CB40 /* Header.h */,
			);
			path = GA_Drawer;
			sourceTree = "<group>";
		};
		DCEDECC01C91553400B3EBE4 /* GA_DrawerTests */ = {
			isa = PBXGroup;
			children = (
				DCEDECC11C91553400B3EBE4 /* GA_DrawerTests.swift */,
				DCEDECC31C91553400B3EBE4 /* Info.plist */,
			);
			path = GA_DrawerTests;
			sourceTree = "<group>";
		};
		DCEDECCB1C91553400B3EBE4 /* GA_DrawerUITests */ = {
			isa = PBXGroup;
			children = (
				DCEDECCC1C91553400B3EBE4 /* GA_DrawerUITests.swift */,
				DCEDECCE1C91553400B3EBE4 /* Info.plist */,
			);
			path = GA_DrawerUITests;
			sourceTree = "<group>";
		};
		E9FA5552FE068AE42E1CCEF8 /* Frameworks */ = {
			isa = PBXGroup;
			children = (
				B332D98966F5930A506669D6 /* libPods.a */,
			);
			name = Frameworks;
			sourceTree = "<group>";
		};
/* End PBXGroup section */

/* Begin PBXNativeTarget section */
		DCEDECA81C91553400B3EBE4 /* GA_Drawer */ = {
			isa = PBXNativeTarget;
			buildConfigurationList = DCEDECD11C91553400B3EBE4 /* Build configuration list for PBXNativeTarget "GA_Drawer" */;
			buildPhases = (
				EFDBDCD278E91E7590874E86 /* Check Pods Manifest.lock */,
				DCEDECA51C91553400B3EBE4 /* Sources */,
				DCEDECA61C91553400B3EBE4 /* Frameworks */,
				DCEDECA71C91553400B3EBE4 /* Resources */,
				FA2639BFB821A45441BFF7B5 /* Embed Pods Frameworks */,
				7530F1D1975CF0CD3256C427 /* Copy Pods Resources */,
			);
			buildRules = (
			);
			dependencies = (
			);
			name = GA_Drawer;
			productName = GA_Drawer;
			productReference = DCEDECA91C91553400B3EBE4 /* GA_Drawer.app */;
			productType = "com.apple.product-type.application";
		};
		DCEDECBC1C91553400B3EBE4 /* GA_DrawerTests */ = {
			isa = PBXNativeTarget;
			buildConfigurationList = DCEDECD41C91553400B3EBE4 /* Build configuration list for PBXNativeTarget "GA_DrawerTests" */;
			buildPhases = (
				DCEDECB91C91553400B3EBE4 /* Sources */,
				DCEDECBA1C91553400B3EBE4 /* Frameworks */,
				DCEDECBB1C91553400B3EBE4 /* Resources */,
			);
			buildRules = (
			);
			dependencies = (
				DCEDECBF1C91553400B3EBE4 /* PBXTargetDependency */,
			);
			name = GA_DrawerTests;
			productName = GA_DrawerTests;
			productReference = DCEDECBD1C91553400B3EBE4 /* GA_DrawerTests.xctest */;
			productType = "com.apple.product-type.bundle.unit-test";
		};
		DCEDECC71C91553400B3EBE4 /* GA_DrawerUITests */ = {
			isa = PBXNativeTarget;
			buildConfigurationList = DCEDECD71C91553400B3EBE4 /* Build configuration list for PBXNativeTarget "GA_DrawerUITests" */;
			buildPhases = (
				DCEDECC41C91553400B3EBE4 /* Sources */,
				DCEDECC51C91553400B3EBE4 /* Frameworks */,
				DCEDECC61C91553400B3EBE4 /* Resources */,
			);
			buildRules = (
			);
			dependencies = (
				DCEDECCA1C91553400B3EBE4 /* PBXTargetDependency */,
			);
			name = GA_DrawerUITests;
			productName = GA_DrawerUITests;
			productReference = DCEDECC81C91553400B3EBE4 /* GA_DrawerUITests.xctest */;
			productType = "com.apple.product-type.bundle.ui-testing";
		};
/* End PBXNativeTarget section */

/* Begin PBXProject section */
		DCEDECA11C91553400B3EBE4 /* Project object */ = {
			isa = PBXProject;
			attributes = {
				LastSwiftUpdateCheck = 0720;
				LastUpgradeCheck = 0720;
				ORGANIZATIONNAME = houjianan;
				TargetAttributes = {
					DCEDECA81C91553400B3EBE4 = {
						CreatedOnToolsVersion = 7.2;
					};
					DCEDECBC1C91553400B3EBE4 = {
						CreatedOnToolsVersion = 7.2;
						TestTargetID = DCEDECA81C91553400B3EBE4;
					};
					DCEDECC71C91553400B3EBE4 = {
						CreatedOnToolsVersion = 7.2;
						TestTargetID = DCEDECA81C91553400B3EBE4;
					};
				};
			};
			buildConfigurationList = DCEDECA41C91553400B3EBE4 /* Build configuration list for PBXProject "GA_Drawer" */;
			compatibilityVersion = "Xcode 3.2";
			developmentRegion = English;
			hasScannedForEncodings = 0;
			knownRegions = (
				en,
				Base,
			);
			mainGroup = DCEDECA01C91553400B3EBE4;
			productRefGroup = DCEDECAA1C91553400B3EBE4 /* Products */;
			projectDirPath = "";
			projectRoot = "";
			targets = (
				DCEDECA81C91553400B3EBE4 /* GA_Drawer */,
				DCEDECBC1C91553400B3EBE4 /* GA_DrawerTests */,
				DCEDECC71C91553400B3EBE4 /* GA_DrawerUITests */,
			);
		};
/* End PBXProject section */

/* Begin PBXResourcesBuildPhase section */
		DCEDECA71C91553400B3EBE4 /* Resources */ = {
			isa = PBXResourcesBuildPhase;
			buildActionMask = 2147483647;
			files = (
				DCD97ABE1C92896800C6F4F0 /* MyDrawer.storyboard in Resources */,
				DCD97AB71C92896800C6F4F0 /* GA_TopBarVIew.xib in Resources */,
				DCEDECB71C91553400B3EBE4 /* LaunchScreen.storyboard in Resources */,
				DCEDECB41C91553400B3EBE4 /* Assets.xcassets in Resources */,
				DCD97ABA1C92896800C6F4F0 /* LeftCellView.xib in Resources */,
				DCEDECB21C91553400B3EBE4 /* Main.storyboard in Resources */,
				DCD97ABC1C92896800C6F4F0 /* LeftView.xib in Resources */,
			);
			runOnlyForDeploymentPostprocessing = 0;
		};
		DCEDECBB1C91553400B3EBE4 /* Resources */ = {
			isa = PBXResourcesBuildPhase;
			buildActionMask = 2147483647;
			files = (
			);
			runOnlyForDeploymentPostprocessing = 0;
		};
		DCEDECC61C91553400B3EBE4 /* Resources */ = {
			isa = PBXResourcesBuildPhase;
			buildActionMask = 2147483647;
			files = (
			);
			runOnlyForDeploymentPostprocessing = 0;
		};
/* End PBXResourcesBuildPhase section */

/* Begin PBXShellScriptBuildPhase section */
		7530F1D1975CF0CD3256C427 /* Copy Pods Resources */ = {
			isa = PBXShellScriptBuildPhase;
			buildActionMask = 2147483647;
			files = (
			);
			inputPaths = (
			);
			name = "Copy Pods Resources";
			outputPaths = (
			);
			runOnlyForDeploymentPostprocessing = 0;
			shellPath = /bin/sh;
			shellScript = "\"${SRCROOT}/Pods/Target Support Files/Pods/Pods-resources.sh\"\n";
			showEnvVarsInLog = 0;
		};
		EFDBDCD278E91E7590874E86 /* Check Pods Manifest.lock */ = {
			isa = PBXShellScriptBuildPhase;
			buildActionMask = 2147483647;
			files = (
			);
			inputPaths = (
			);
			name = "Check Pods Manifest.lock";
			outputPaths = (
			);
			runOnlyForDeploymentPostprocessing = 0;
			shellPath = /bin/sh;
			shellScript = "diff \"${PODS_ROOT}/../Podfile.lock\" \"${PODS_ROOT}/Manifest.lock\" > /dev/null\nif [[ $? != 0 ]] ; then\n    cat << EOM\nerror: The sandbox is not in sync with the Podfile.lock. Run 'pod install' or update your CocoaPods installation.\nEOM\n    exit 1\nfi\n";
			showEnvVarsInLog = 0;
		};
		FA2639BFB821A45441BFF7B5 /* Embed Pods Frameworks */ = {
			isa = PBXShellScriptBuildPhase;
			buildActionMask = 2147483647;
			files = (
			);
			inputPaths = (
			);
			name = "Embed Pods Frameworks";
			outputPaths = (
			);
			runOnlyForDeploymentPostprocessing = 0;
			shellPath = /bin/sh;
			shellScript = "\"${SRCROOT}/Pods/Target Support Files/Pods/Pods-frameworks.sh\"\n";
			showEnvVarsInLog = 0;
		};
/* End PBXShellScriptBuildPhase section */

/* Begin PBXSourcesBuildPhase section */
		DCEDECA51C91553400B3EBE4 /* Sources */ = {
			isa = PBXSourcesBuildPhase;
			buildActionMask = 2147483647;
			files = (
				DCD97AB81C92896800C6F4F0 /* MainViewController.swift in Sources */,
				DCD97AB61C92896800C6F4F0 /* GA_TopBarVIew.swift in Sources */,
				DCD97ABF1C92896800C6F4F0 /* themeDrawer.swift in Sources */,
				DCD97AB51C92896800C6F4F0 /* DrawerBaseViewController.swift in Sources */,
				DCEDECAD1C91553400B3EBE4 /* AppDelegate.swift in Sources */,
				DCD97ABB1C92896800C6F4F0 /* LeftView.swift in Sources */,
				DCD97ABD1C92896800C6F4F0 /* HomeViewController.swift in Sources */,
				DCD97AB41C92896800C6F4F0 /* DetailViewController.swift in Sources */,
				DCD97AB91C92896800C6F4F0 /* LeftCellView.swift in Sources */,
			);
			runOnlyForDeploymentPostprocessing = 0;
		};
		DCEDECB91C91553400B3EBE4 /* Sources */ = {
			isa = PBXSourcesBuildPhase;
			buildActionMask = 2147483647;
			files = (
				DCEDECC21C91553400B3EBE4 /* GA_DrawerTests.swift in Sources */,
			);
			runOnlyForDeploymentPostprocessing = 0;
		};
		DCEDECC41C91553400B3EBE4 /* Sources */ = {
			isa = PBXSourcesBuildPhase;
			buildActionMask = 2147483647;
			files = (
				DCEDECCD1C91553400B3EBE4 /* GA_DrawerUITests.swift in Sources */,
			);
			runOnlyForDeploymentPostprocessing = 0;
		};
/* End PBXSourcesBuildPhase section */

/* Begin PBXTargetDependency section */
		DCEDECBF1C91553400B3EBE4 /* PBXTargetDependency */ = {
			isa = PBXTargetDependency;
			target = DCEDECA81C91553400B3EBE4 /* GA_Drawer */;
			targetProxy = DCEDECBE1C91553400B3EBE4 /* PBXContainerItemProxy */;
		};
		DCEDECCA1C91553400B3EBE4 /* PBXTargetDependency */ = {
			isa = PBXTargetDependency;
			target = DCEDECA81C91553400B3EBE4 /* GA_Drawer */;
			targetProxy = DCEDECC91C91553400B3EBE4 /* PBXContainerItemProxy */;
		};
/* End PBXTargetDependency section */

/* Begin PBXVariantGroup section */
		DCEDECB01C91553400B3EBE4 /* Main.storyboard */ = {
			isa = PBXVariantGroup;
			children = (
				DCEDECB11C91553400B3EBE4 /* Base */,
			);
			name = Main.storyboard;
			sourceTree = "<group>";
		};
		DCEDECB51C91553400B3EBE4 /* LaunchScreen.storyboard */ = {
			isa = PBXVariantGroup;
			children = (
				DCEDECB61C91553400B3EBE4 /* Base */,
			);
			name = LaunchScreen.storyboard;
			sourceTree = "<group>";
		};
/* End PBXVariantGroup section */

/* Begin XCBuildConfiguration section */
		DCEDECCF1C91553400B3EBE4 /* Debug */ = {
			isa = XCBuildConfiguration;
			buildSettings = {
				ALWAYS_SEARCH_USER_PATHS = NO;
				CLANG_CXX_LANGUAGE_STANDARD = "gnu++0x";
				CLANG_CXX_LIBRARY = "libc++";
				CLANG_ENABLE_MODULES = YES;
				CLANG_ENABLE_OBJC_ARC = YES;
				CLANG_WARN_BOOL_CONVERSION = YES;
				CLANG_WARN_CONSTANT_CONVERSION = YES;
				CLANG_WARN_DIRECT_OBJC_ISA_USAGE = YES_ERROR;
				CLANG_WARN_EMPTY_BODY = YES;
				CLANG_WARN_ENUM_CONVERSION = YES;
				CLANG_WARN_INT_CONVERSION = YES;
				CLANG_WARN_OBJC_ROOT_CLASS = YES_ERROR;
				CLANG_WARN_UNREACHABLE_CODE = YES;
				CLANG_WARN__DUPLICATE_METHOD_MATCH = YES;
				"CODE_SIGN_IDENTITY[sdk=iphoneos*]" = "iPhone Developer";
				COPY_PHASE_STRIP = NO;
				DEBUG_INFORMATION_FORMAT = dwarf;
				ENABLE_STRICT_OBJC_MSGSEND = YES;
				ENABLE_TESTABILITY = YES;
				GCC_C_LANGUAGE_STANDARD = gnu99;
				GCC_DYNAMIC_NO_PIC = NO;
				GCC_NO_COMMON_BLOCKS = YES;
				GCC_OPTIMIZATION_LEVEL = 0;
				GCC_PREPROCESSOR_DEFINITIONS = (
					"DEBUG=1",
					"$(inherited)",
				);
				GCC_WARN_64_TO_32_BIT_CONVERSION = YES;
				GCC_WARN_ABOUT_RETURN_TYPE = YES_ERROR;
				GCC_WARN_UNDECLARED_SELECTOR = YES;
				GCC_WARN_UNINITIALIZED_AUTOS = YES_AGGRESSIVE;
				GCC_WARN_UNUSED_FUNCTION = YES;
				GCC_WARN_UNUSED_VARIABLE = YES;
				IPHONEOS_DEPLOYMENT_TARGET = 9.2;
				MTL_ENABLE_DEBUG_INFO = YES;
				ONLY_ACTIVE_ARCH = YES;
				SDKROOT = iphoneos;
				SWIFT_OBJC_BRIDGING_HEADER = /Users/houjianan/Desktop/GA_Drawer/GA_Drawer/Header.h;
				SWIFT_OPTIMIZATION_LEVEL = "-Onone";
			};
			name = Debug;
		};
		DCEDECD01C91553400B3EBE4 /* Release */ = {
			isa = XCBuildConfiguration;
			buildSettings = {
				ALWAYS_SEARCH_USER_PATHS = NO;
				CLANG_CXX_LANGUAGE_STANDARD = "gnu++0x";
				CLANG_CXX_LIBRARY = "libc++";
				CLANG_ENABLE_MODULES = YES;
				CLANG_ENABLE_OBJC_ARC = YES;
				CLANG_WARN_BOOL_CONVERSION = YES;
				CLANG_WARN_CONSTANT_CONVERSION = YES;
				CLANG_WARN_DIRECT_OBJC_ISA_USAGE = YES_ERROR;
				CLANG_WARN_EMPTY_BODY = YES;
				CLANG_WARN_ENUM_CONVERSION = YES;
				CLANG_WARN_INT_CONVERSION = YES;
				CLANG_WARN_OBJC_ROOT_CLASS = YES_ERROR;
				CLANG_WARN_UNREACHABLE_CODE = YES;
				CLANG_WARN__DUPLICATE_METHOD_MATCH = YES;
				"CODE_SIGN_IDENTITY[sdk=iphoneos*]" = "iPhone Developer";
				COPY_PHASE_STRIP = NO;
				DEBUG_INFORMATION_FORMAT = "dwarf-with-dsym";
				ENABLE_NS_ASSERTIONS = NO;
				ENABLE_STRICT_OBJC_MSGSEND = YES;
				GCC_C_LANGUAGE_STANDARD = gnu99;
				GCC_NO_COMMON_BLOCKS = YES;
				GCC_WARN_64_TO_32_BIT_CONVERSION = YES;
				GCC_WARN_ABOUT_RETURN_TYPE = YES_ERROR;
				GCC_WARN_UNDECLARED_SELECTOR = YES;
				GCC_WARN_UNINITIALIZED_AUTOS = YES_AGGRESSIVE;
				GCC_WARN_UNUSED_FUNCTION = YES;
				GCC_WARN_UNUSED_VARIABLE = YES;
				IPHONEOS_DEPLOYMENT_TARGET = 9.2;
				MTL_ENABLE_DEBUG_INFO = NO;
				SDKROOT = iphoneos;
				SWIFT_OBJC_BRIDGING_HEADER = /Users/houjianan/Desktop/GA_Drawer/GA_Drawer/Header.h;
				VALIDATE_PRODUCT = YES;
			};
			name = Release;
		};
		DCEDECD21C91553400B3EBE4 /* Debug */ = {
			isa = XCBuildConfiguration;
			baseConfigurationReference = EF411B5089EFF6D42D444F58 /* Pods.debug.xcconfig */;
			buildSettings = {
				ASSETCATALOG_COMPILER_APPICON_NAME = AppIcon;
				INFOPLIST_FILE = GA_Drawer/Info.plist;
				LD_RUNPATH_SEARCH_PATHS = "$(inherited) @executable_path/Frameworks";
				PRODUCT_BUNDLE_IDENTIFIER = "com.jianan.GA-Drawer";
				PRODUCT_NAME = "$(TARGET_NAME)";
				SWIFT_OBJC_BRIDGING_HEADER = "$(SRCROOT)/$(PROJECT_NAME)/Header.h";
			};
			name = Debug;
		};
		DCEDECD31C91553400B3EBE4 /* Release */ = {
			isa = XCBuildConfiguration;
			baseConfigurationReference = 6F9808266D8F48E772C745B6 /* Pods.release.xcconfig */;
			buildSettings = {
				ASSETCATALOG_COMPILER_APPICON_NAME = AppIcon;
				INFOPLIST_FILE = GA_Drawer/Info.plist;
				LD_RUNPATH_SEARCH_PATHS = "$(inherited) @executable_path/Frameworks";
				PRODUCT_BUNDLE_IDENTIFIER = "com.jianan.GA-Drawer";
				PRODUCT_NAME = "$(TARGET_NAME)";
				SWIFT_OBJC_BRIDGING_HEADER = "$(SRCROOT)/$(PROJECT_NAME)/Header.h";
			};
			name = Release;
		};
		DCEDECD51C91553400B3EBE4 /* Debug */ = {
			isa = XCBuildConfiguration;
			buildSettings = {
				BUNDLE_LOADER = "$(TEST_HOST)";
				INFOPLIST_FILE = GA_DrawerTests/Info.plist;
				LD_RUNPATH_SEARCH_PATHS = "$(inherited) @executable_path/Frameworks @loader_path/Frameworks";
				PRODUCT_BUNDLE_IDENTIFIER = "com.jianan.GA-DrawerTests";
				PRODUCT_NAME = "$(TARGET_NAME)";
				TEST_HOST = "$(BUILT_PRODUCTS_DIR)/GA_Drawer.app/GA_Drawer";
			};
			name = Debug;
		};
		DCEDECD61C91553400B3EBE4 /* Release */ = {
			isa = XCBuildConfiguration;
			buildSettings = {
				BUNDLE_LOADER = "$(TEST_HOST)";
				INFOPLIST_FILE = GA_DrawerTests/Info.plist;
				LD_RUNPATH_SEARCH_PATHS = "$(inherited) @executable_path/Frameworks @loader_path/Frameworks";
				PRODUCT_BUNDLE_IDENTIFIER = "com.jianan.GA-DrawerTests";
				PRODUCT_NAME = "$(TARGET_NAME)";
				TEST_HOST = "$(BUILT_PRODUCTS_DIR)/GA_Drawer.app/GA_Drawer";
			};
			name = Release;
		};
		DCEDECD81C91553400B3EBE4 /* Debug */ = {
			isa = XCBuildConfiguration;
			buildSettings = {
				INFOPLIST_FILE = GA_DrawerUITests/Info.plist;
				LD_RUNPATH_SEARCH_PATHS = "$(inherited) @executable_path/Frameworks @loader_path/Frameworks";
				PRODUCT_BUNDLE_IDENTIFIER = "com.jianan.GA-DrawerUITests";
				PRODUCT_NAME = "$(TARGET_NAME)";
				TEST_TARGET_NAME = GA_Drawer;
				USES_XCTRUNNER = YES;
			};
			name = Debug;
		};
		DCEDECD91C91553400B3EBE4 /* Release */ = {
			isa = XCBuildConfiguration;
			buildSettings = {
				INFOPLIST_FILE = GA_DrawerUITests/Info.plist;
				LD_RUNPATH_SEARCH_PATHS = "$(inherited) @executable_path/Frameworks @loader_path/Frameworks";
				PRODUCT_BUNDLE_IDENTIFIER = "com.jianan.GA-DrawerUITests";
				PRODUCT_NAME = "$(TARGET_NAME)";
				TEST_TARGET_NAME = GA_Drawer;
				USES_XCTRUNNER = YES;
			};
			name = Release;
		};
/* End XCBuildConfiguration section */

/* Begin XCConfigurationList section */
		DCEDECA41C91553400B3EBE4 /* Build configuration list for PBXProject "GA_Drawer" */ = {
			isa = XCConfigurationList;
			buildConfigurations = (
				DCEDECCF1C91553400B3EBE4 /* Debug */,
				DCEDECD01C91553400B3EBE4 /* Release */,
			);
			defaultConfigurationIsVisible = 0;
			defaultConfigurationName = Release;
		};
		DCEDECD11C91553400B3EBE4 /* Build configuration list for PBXNativeTarget "GA_Drawer" */ = {
			isa = XCConfigurationList;
			buildConfigurations = (
				DCEDECD21C91553400B3EBE4 /* Debug */,
				DCEDECD31C91553400B3EBE4 /* Release */,
			);
			defaultConfigurationIsVisible = 0;
			defaultConfigurationName = Release;
		};
		DCEDECD41C91553400B3EBE4 /* Build configuration list for PBXNativeTarget "GA_DrawerTests" */ = {
			isa = XCConfigurationList;
			buildConfigurations = (
				DCEDECD51C91553400B3EBE4 /* Debug */,
				DCEDECD61C91553400B3EBE4 /* Release */,
			);
			defaultConfigurationIsVisible = 0;
			defaultConfigurationName = Release;
		};
		DCEDECD71C91553400B3EBE4 /* Build configuration list for PBXNativeTarget "GA_DrawerUITests" */ = {
			isa = XCConfigurationList;
			buildConfigurations = (
				DCEDECD81C91553400B3EBE4 /* Debug */,
				DCEDECD91C91553400B3EBE4 /* Release */,
			);
			defaultConfigurationIsVisible = 0;
			defaultConfigurationName = Release;
		};
/* End XCConfigurationList section */
	};
	rootObject = DCEDECA11C91553400B3EBE4 /* Project object */;
}
