// !$*UTF8*$!
{
	archiveVersion = 1;
	classes = {
	};
	objectVersion = 46;
	objects = {

/* Begin PBXBuildFile section */
		DCEDECAD1C91553400B3EBE4 /* AppDelegate.swift in Sources */ = {isa = PBXBuildFile; fileRef = DCEDECAC1C91553400B3EBE4 /* AppDelegate.swift */; };
		DCEDECAF1C91553400B3EBE4 /* ViewController.swift in Sources */ = {isa = PBXBuildFile; fileRef = DCEDECAE1C91553400B3EBE4 /* ViewController.swift */; };
		DCEDECB21C91553400B3EBE4 /* Main.storyboard in Resources */ = {isa = PBXBuildFile; fileRef = DCEDECB01C91553400B3EBE4 /* Main.storyboard */; };
		DCEDECB41C91553400B3EBE4 /* Assets.xcassets in Resources */ = {isa = PBXBuildFile; fileRef = DCEDECB31C91553400B3EBE4 /* Assets.xcassets */; };
		DCEDECB71C91553400B3EBE4 /* LaunchScreen.storyboard in Resources */ = {isa = PBXBuildFile; fileRef = DCEDECB51C91553400B3EBE4 /* LaunchScreen.storyboard */; };
		DCEDECC21C91553400B3EBE4 /* GA_DrawerTests.swift in Sources */ = {isa = PBXBuildFile; fileRef = DCEDECC11C91553400B3EBE4 /* GA_DrawerTests.swift */; };
		DCEDECCD1C91553400B3EBE4 /* GA_DrawerUITests.swift in Sources */ = {isa = PBXBuildFile; fileRef = DCEDECCC1C91553400B3EBE4 /* GA_DrawerUITests.swift */; };
/* End PBXBuildFile section */

/* Begin PBXContainerItemProxy section */
		DCEDECBE1C91553400B3EBE4 /* PBXContainerItemProxy */ = {
			isa = PBXContainerItemProxy;
			containerPortal = DCEDECA11C91553400B3EBE4 /* Project object */;
			proxyType = 1;
			remoteGlobalIDString = DCEDECA81C91553400B3EBE4;
			remoteInfo = GA_Drawer;
		};
		DCEDECC91C91553400B3EBE4 /* PBXContainerItemProxy */ = {
			isa = PBXContainerItemProxy;
			containerPortal = DCEDECA11C91553400B3EBE4 /* Project object */;
			proxyType = 1;
			remoteGlobalIDString = DCEDECA81C91553400B3EBE4;
			remoteInfo = GA_Drawer;
		};
/* End PBXContainerItemProxy section */

/* Begin PBXFileReference section */
		DCEDECA91C91553400B3EBE4 /* GA_Drawer.app */ = {isa = PBXFileReference; explicitFileType = wrapper.application; includeInIndex = 0; path = GA_Drawer.app; sourceTree = BUILT_PRODUCTS_DIR; };
		DCEDECAC1C91553400B3EBE4 /* AppDelegate.swift */ = {isa = PBXFileReference; lastKnownFileType = sourcecode.swift; path = AppDelegate.swift; sourceTree = "<group>"; };
		DCEDECAE1C91553400B3EBE4 /* ViewController.swift */ = {isa = PBXFileReference; lastKnownFileType = sourcecode.swift; path = ViewController.swift; sourceTree = "<group>"; };
		DCEDECB11C91553400B3EBE4 /* Base */ = {isa = PBXFileReference; lastKnownFileType = file.storyboard; name = Base; path = Base.lproj/Main.storyboard; sourceTree = "<group>"; };
		DCEDECB31C91553400B3EBE4 /* Assets.xcassets */ = {isa = PBXFileReference; lastKnownFileType = folder.assetcatalog; path = Assets.xcassets; sourceTree = "<group>"; };
		DCEDECB61C91553400B3EBE4 /* Base */ = {isa = PBXFileReference; lastKnownFileType = file.storyboard; name = Base; path = Base.lproj/LaunchScreen.storyboard; sourceTree = "<group>"; };
		DCEDECB81C91553400B3EBE4 /* Info.plist */ = {isa = PBXFileReference; lastKnownFileType = text.plist.xml; path = Info.plist; sourceTree = "<group>"; };
		DCEDECBD1C91553400B3EBE4 /* GA_DrawerTests.xctest */ = {isa = PBXFileReference; explicitFileType = wrapper.cfbundle; includeInIndex = 0; path = GA_DrawerTests.xctest; sourceTree = BUILT_PRODUCTS_DIR; };
		DCEDECC11C91553400B3EBE4 /* GA_DrawerTests.swift */ = {isa = PBXFileReference; lastKnownFileType = sourcecode.swift; path = GA_DrawerTests.swift; sourceTree = "<group>"; };
		DCEDECC31C91553400B3EBE4 /* Info.plist */ = {isa = PBXFileReference; lastKnownFileType = text.plist.xml; path = Info.plist; sourceTree = "<group>"; };
		DCEDECC81C91553400B3EBE4 /* GA_DrawerUITests.xctest */ = {isa = PBXFileReference; explicitFileType = wrapper.cfbundle; includeInIndex = 0; path = GA_DrawerUITests.xctest; sourceTree = BUILT_PRODUCTS_DIR; };
		DCEDECCC1C91553400B3EBE4 /* GA_DrawerUITests.swift */ = {isa = PBXFileReference; lastKnownFileType = sourcecode.swift; path = GA_DrawerUITests.swift; sourceTree = "<group>"; };
		DCEDECCE1C91553400B3EBE4 /* Info.plist */ = {isa = PBXFileReference; lastKnownFileType = text.plist.xml; path = Info.plist; sourceTree = "<group>"; };
/* End PBXFileReference section */

/* Begin PBXFrameworksBuildPhase section */
		DCEDECA61C91553400B3EBE4 /* Frameworks */ = {
			isa = PBXFrameworksBuildPhase;
			buildActionMask = 2147483647;
			files = (
			);
			runOnlyForDeploymentPostprocessing = 0;
		};
		DCEDECBA1C91553400B3EBE4 /* Frameworks */ = {
			isa = PBXFrameworksBuildPhase;
			buildActionMask = 2147483647;
			files = (
			);
			runOnlyForDeploymentPostprocessing = 0;
		};
		DCEDECC51C91553400B3EBE4 /* Frameworks */ = {
			isa = PBXFrameworksBuildPhase;
			buildActionMask = 2147483647;
			files = (
			);
			runOnlyForDeploymentPostprocessing = 0;
		};
/* End PBXFrameworksBuildPhase section */

/* Begin PBXGroup section */
		DCEDECA01C91553400B3EBE4 = {
			isa = PBXGroup;
			children = (
				DCEDECAB1C91553400B3EBE4 /* GA_Drawer */,
				DCEDECC01C91553400B3EBE4 /* GA_DrawerTests */,
				DCEDECCB1C91553400B3EBE4 /* GA_DrawerUITests */,
				DCEDECAA1C91553400B3EBE4 /* Products */,
			);
			sourceTree = "<group>";
		};
		DCEDECAA1C91553400B3EBE4 /* Products */ = {
			isa = PBXGroup;
			children = (
				DCEDECA91C91553400B3EBE4 /* GA_Drawer.app */,
				DCEDECBD1C91553400B3EBE4 /* GA_DrawerTests.xctest */,
				DCEDECC81C91553400B3EBE4 /* GA_DrawerUITests.xctest */,
			);
			name = Products;
			sourceTree = "<group>";
		};
		DCEDECAB1C91553400B3EBE4 /* GA_Drawer */ = {
			isa = PBXGroup;
			children = (
				DCEDECAC1C91553400B3EBE4 /* AppDelegate.swift */,
				DCEDECAE1C91553400B3EBE4 /* ViewController.swift */,
				DCEDECB01C91553400B3EBE4 /* Main.storyboard */,
				DCEDECB31C91553400B3EBE4 /* Assets.xcassets */,
				DCEDECB51C91553400B3EBE4 /* LaunchScreen.storyboard */,
				DCEDECB81C91553400B3EBE4 /* Info.plist */,
			);
			path = GA_Drawer;
			sourceTree = "<group>";
		};
		DCEDECC01C91553400B3EBE4 /* GA_DrawerTests */ = {
			isa = PBXGroup;
			children = (
				DCEDECC11C91553400B3EBE4 /* GA_DrawerTests.swift */,
				DCEDECC31C91553400B3EBE4 /* Info.plist */,
			);
			path = GA_DrawerTests;
			sourceTree = "<group>";
		};
		DCEDECCB1C91553400B3EBE4 /* GA_DrawerUITests */ = {
			isa = PBXGroup;
			children = (
				DCEDECCC1C91553400B3EBE4 /* GA_DrawerUITests.swift */,
				DCEDECCE1C91553400B3EBE4 /* Info.plist */,
			);
			path = GA_DrawerUITests;
			sourceTree = "<group>";
		};
/* End PBXGroup section */

/* Begin PBXNativeTarget section */
		DCEDECA81C91553400B3EBE4 /* GA_Drawer */ = {
			isa = PBXNativeTarget;
			buildConfigurationList = DCEDECD11C91553400B3EBE4 /* Build configuration list for PBXNativeTarget "GA_Drawer" */;
			buildPhases = (
				DCEDECA51C91553400B3EBE4 /* Sources */,
				DCEDECA61C91553400B3EBE4 /* Frameworks */,
				DCEDECA71C91553400B3EBE4 /* Resources */,
			);
			buildRules = (
			);
			dependencies = (
			);
			name = GA_Drawer;
			productName = GA_Drawer;
			productReference = DCEDECA91C91553400B3EBE4 /* GA_Drawer.app */;
			productType = "com.apple.product-type.application";
		};
		DCEDECBC1C91553400B3EBE4 /* GA_DrawerTests */ = {
			isa = PBXNativeTarget;
			buildConfigurationList = DCEDECD41C91553400B3EBE4 /* Build configuration list for PBXNativeTarget "GA_DrawerTests" */;
			buildPhases = (
				DCEDECB91C91553400B3EBE4 /* Sources */,
				DCEDECBA1C91553400B3EBE4 /* Frameworks */,
				DCEDECBB1C91553400B3EBE4 /* Resources */,
			);
			buildRules = (
			);
			dependencies = (
				DCEDECBF1C91553400B3EBE4 /* PBXTargetDependency */,
			);
			name = GA_DrawerTests;
			productName = GA_DrawerTests;
			productReference = DCEDECBD1C91553400B3EBE4 /* GA_DrawerTests.xctest */;
			productType = "com.apple.product-type.bundle.unit-test";
		};
		DCEDECC71C91553400B3EBE4 /* GA_DrawerUITests */ = {
			isa = PBXNativeTarget;
			buildConfigurationList = DCEDECD71C91553400B3EBE4 /* Build configuration list for PBXNativeTarget "GA_DrawerUITests" */;
			buildPhases = (
				DCEDECC41C91553400B3EBE4 /* Sources */,
				DCEDECC51C91553400B3EBE4 /* Frameworks */,
				DCEDECC61C91553400B3EBE4 /* Resources */,
			);
			buildRules = (
			);
			dependencies = (
				DCEDECCA1C91553400B3EBE4 /* PBXTargetDependency */,
			);
			name = GA_DrawerUITests;
			productName = GA_DrawerUITests;
			productReference = DCEDECC81C91553400B3EBE4 /* GA_DrawerUITests.xctest */;
			productType = "com.apple.product-type.bundle.ui-testing";
		};
/* End PBXNativeTarget section */

/* Begin PBXProject section */
		DCEDECA11C91553400B3EBE4 /* Project object */ = {
			isa = PBXProject;
			attributes = {
				LastSwiftUpdateCheck = 0720;
				LastUpgradeCheck = 0720;
				ORGANIZATIONNAME = houjianan;
				TargetAttributes = {
					DCEDECA81C91553400B3EBE4 = {
						CreatedOnToolsVersion = 7.2;
					};
					DCEDECBC1C91553400B3EBE4 = {
						CreatedOnToolsVersion = 7.2;
						TestTargetID = DCEDECA81C91553400B3EBE4;
					};
					DCEDECC71C91553400B3EBE4 = {
						CreatedOnToolsVersion = 7.2;
						TestTargetID = DCEDECA81C91553400B3EBE4;
					};
				};
			};
			buildConfigurationList = DCEDECA41C91553400B3EBE4 /* Build configuration list for PBXProject "GA_Drawer" */;
			compatibilityVersion = "Xcode 3.2";
			developmentRegion = English;
			hasScannedForEncodings = 0;
			knownRegions = (
				en,
				Base,
			);
			mainGroup = DCEDECA01C91553400B3EBE4;
			productRefGroup = DCEDECAA1C91553400B3EBE4 /* Products */;
			projectDirPath = "";
			projectRoot = "";
			targets = (
				DCEDECA81C91553400B3EBE4 /* GA_Drawer */,
				DCEDECBC1C91553400B3EBE4 /* GA_DrawerTests */,
				DCEDECC71C91553400B3EBE4 /* GA_DrawerUITests */,
			);
		};
/* End PBXProject section */

/* Begin PBXResourcesBuildPhase section */
		DCEDECA71C91553400B3EBE4 /* Resources */ = {
			isa = PBXResourcesBuildPhase;
			buildActionMask = 2147483647;
			files = (
				DCEDECB71C91553400B3EBE4 /* LaunchScreen.storyboard in Resources */,
				DCEDECB41C91553400B3EBE4 /* Assets.xcassets in Resources */,
				DCEDECB21C91553400B3EBE4 /* Main.storyboard in Resources */,
			);
			runOnlyForDeploymentPostprocessing = 0;
		};
		DCEDECBB1C91553400B3EBE4 /* Resources */ = {
			isa = PBXResourcesBuildPhase;
			buildActionMask = 2147483647;
			files = (
			);
			runOnlyForDeploymentPostprocessing = 0;
		};
		DCEDECC61C91553400B3EBE4 /* Resources */ = {
			isa = PBXResourcesBuildPhase;
			buildActionMask = 2147483647;
			files = (
			);
			runOnlyForDeploymentPostprocessing = 0;
		};
/* End PBXResourcesBuildPhase section */

/* Begin PBXSourcesBuildPhase section */
		DCEDECA51C91553400B3EBE4 /* Sources */ = {
			isa = PBXSourcesBuildPhase;
			buildActionMask = 2147483647;
			files = (
				DCEDECAF1C91553400B3EBE4 /* ViewController.swift in Sources */,
				DCEDECAD1C91553400B3EBE4 /* AppDelegate.swift in Sources */,
			);
			runOnlyForDeploymentPostprocessing = 0;
		};
		DCEDECB91C91553400B3EBE4 /* Sources */ = {
			isa = PBXSourcesBuildPhase;
			buildActionMask = 2147483647;
			files = (
				DCEDECC21C91553400B3EBE4 /* GA_DrawerTests.swift in Sources */,
			);
			runOnlyForDeploymentPostprocessing = 0;
		};
		DCEDECC41C91553400B3EBE4 /* Sources */ = {
			isa = PBXSourcesBuildPhase;
			buildActionMask = 2147483647;
			files = (
				DCEDECCD1C91553400B3EBE4 /* GA_DrawerUITests.swift in Sources */,
			);
			runOnlyForDeploymentPostprocessing = 0;
		};
/* End PBXSourcesBuildPhase section */

/* Begin PBXTargetDependency section */
		DCEDECBF1C91553400B3EBE4 /* PBXTargetDependency */ = {
			isa = PBXTargetDependency;
			target = DCEDECA81C91553400B3EBE4 /* GA_Drawer */;
			targetProxy = DCEDECBE1C91553400B3EBE4 /* PBXContainerItemProxy */;
		};
		DCEDECCA1C91553400B3EBE4 /* PBXTargetDependency */ = {
			isa = PBXTargetDependency;
			target = DCEDECA81C91553400B3EBE4 /* GA_Drawer */;
			targetProxy = DCEDECC91C91553400B3EBE4 /* PBXContainerItemProxy */;
		};
/* End PBXTargetDependency section */

/* Begin PBXVariantGroup section */
		DCEDECB01C91553400B3EBE4 /* Main.storyboard */ = {
			isa = PBXVariantGroup;
			children = (
				DCEDECB11C91553400B3EBE4 /* Base */,
			);
			name = Main.storyboard;
			sourceTree = "<group>";
		};
		DCEDECB51C91553400B3EBE4 /* LaunchScreen.storyboard */ = {
			isa = PBXVariantGroup;
			children = (
				DCEDECB61C91553400B3EBE4 /* Base */,
			);
			name = LaunchScreen.storyboard;
			sourceTree = "<group>";
		};
/* End PBXVariantGroup section */

/* Begin XCBuildConfiguration section */
		DCEDECCF1C91553400B3EBE4 /* Debug */ = {
			isa = XCBuildConfiguration;
			buildSettings = {
				ALWAYS_SEARCH_USER_PATHS = NO;
				CLANG_CXX_LANGUAGE_STANDARD = "gnu++0x";
				CLANG_CXX_LIBRARY = "libc++";
				CLANG_ENABLE_MODULES = YES;
				CLANG_ENABLE_OBJC_ARC = YES;
				CLANG_WARN_BOOL_CONVERSION = YES;
				CLANG_WARN_CONSTANT_CONVERSION = YES;
				CLANG_WARN_DIRECT_OBJC_ISA_USAGE = YES_ERROR;
				CLANG_WARN_EMPTY_BODY = YES;
				CLANG_WARN_ENUM_CONVERSION = YES;
				CLANG_WARN_INT_CONVERSION = YES;
				CLANG_WARN_OBJC_ROOT_CLASS = YES_ERROR;
				CLANG_WARN_UNREACHABLE_CODE = YES;
				CLANG_WARN__DUPLICATE_METHOD_MATCH = YES;
				"CODE_SIGN_IDENTITY[sdk=iphoneos*]" = "iPhone Developer";
				COPY_PHASE_STRIP = NO;
				DEBUG_INFORMATION_FORMAT = dwarf;
				ENABLE_STRICT_OBJC_MSGSEND = YES;
				ENABLE_TESTABILITY = YES;
				GCC_C_LANGUAGE_STANDARD = gnu99;
				GCC_DYNAMIC_NO_PIC = NO;
				GCC_NO_COMMON_BLOCKS = YES;
				GCC_OPTIMIZATION_LEVEL = 0;
				GCC_PREPROCESSOR_DEFINITIONS = (
					"DEBUG=1",
					"$(inherited)",
				);
				GCC_WARN_64_TO_32_BIT_CONVERSION = YES;
				GCC_WARN_ABOUT_RETURN_TYPE = YES_ERROR;
				GCC_WARN_UNDECLARED_SELECTOR = YES;
				GCC_WARN_UNINITIALIZED_AUTOS = YES_AGGRESSIVE;
				GCC_WARN_UNUSED_FUNCTION = YES;
				GCC_WARN_UNUSED_VARIABLE = YES;
				IPHONEOS_DEPLOYMENT_TARGET = 9.2;
				MTL_ENABLE_DEBUG_INFO = YES;
				ONLY_ACTIVE_ARCH = YES;
				SDKROOT = iphoneos;
				SWIFT_OPTIMIZATION_LEVEL = "-Onone";
			};
			name = Debug;
		};
		DCEDECD01C91553400B3EBE4 /* Release */ = {
			isa = XCBuildConfiguration;
			buildSettings = {
				ALWAYS_SEARCH_USER_PATHS = NO;
				CLANG_CXX_LANGUAGE_STANDARD = "gnu++0x";
				CLANG_CXX_LIBRARY = "libc++";
				CLANG_ENABLE_MODULES = YES;
				CLANG_ENABLE_OBJC_ARC = YES;
				CLANG_WARN_BOOL_CONVERSION = YES;
				CLANG_WARN_CONSTANT_CONVERSION = YES;
				CLANG_WARN_DIRECT_OBJC_ISA_USAGE = YES_ERROR;
				CLANG_WARN_EMPTY_BODY = YES;
				CLANG_WARN_ENUM_CONVERSION = YES;
				CLANG_WARN_INT_CONVERSION = YES;
				CLANG_WARN_OBJC_ROOT_CLASS = YES_ERROR;
				CLANG_WARN_UNREACHABLE_CODE = YES;
				CLANG_WARN__DUPLICATE_METHOD_MATCH = YES;
				"CODE_SIGN_IDENTITY[sdk=iphoneos*]" = "iPhone Developer";
				COPY_PHASE_STRIP = NO;
				DEBUG_INFORMATION_FORMAT = "dwarf-with-dsym";
				ENABLE_NS_ASSERTIONS = NO;
				ENABLE_STRICT_OBJC_MSGSEND = YES;
				GCC_C_LANGUAGE_STANDARD = gnu99;
				GCC_NO_COMMON_BLOCKS = YES;
				GCC_WARN_64_TO_32_BIT_CONVERSION = YES;
				GCC_WARN_ABOUT_RETURN_TYPE = YES_ERROR;
				GCC_WARN_UNDECLARED_SELECTOR = YES;
				GCC_WARN_UNINITIALIZED_AUTOS = YES_AGGRESSIVE;
				GCC_WARN_UNUSED_FUNCTION = YES;
				GCC_WARN_UNUSED_VARIABLE = YES;
				IPHONEOS_DEPLOYMENT_TARGET = 9.2;
				MTL_ENABLE_DEBUG_INFO = NO;
				SDKROOT = iphoneos;
				VALIDATE_PRODUCT = YES;
			};
			name = Release;
		};
		DCEDECD21C91553400B3EBE4 /* Debug */ = {
			isa = XCBuildConfiguration;
			buildSettings = {
				ASSETCATALOG_COMPILER_APPICON_NAME = AppIcon;
				INFOPLIST_FILE = GA_Drawer/Info.plist;
				LD_RUNPATH_SEARCH_PATHS = "$(inherited) @executable_path/Frameworks";
				PRODUCT_BUNDLE_IDENTIFIER = "com.jianan.GA-Drawer";
				PRODUCT_NAME = "$(TARGET_NAME)";
			};
			name = Debug;
		};
		DCEDECD31C91553400B3EBE4 /* Release */ = {
			isa = XCBuildConfiguration;
			buildSettings = {
				ASSETCATALOG_COMPILER_APPICON_NAME = AppIcon;
				INFOPLIST_FILE = GA_Drawer/Info.plist;
				LD_RUNPATH_SEARCH_PATHS = "$(inherited) @executable_path/Frameworks";
				PRODUCT_BUNDLE_IDENTIFIER = "com.jianan.GA-Drawer";
				PRODUCT_NAME = "$(TARGET_NAME)";
			};
			name = Release;
		};
		DCEDECD51C91553400B3EBE4 /* Debug */ = {
			isa = XCBuildConfiguration;
			buildSettings = {
				BUNDLE_LOADER = "$(TEST_HOST)";
				INFOPLIST_FILE = GA_DrawerTests/Info.plist;
				LD_RUNPATH_SEARCH_PATHS = "$(inherited) @executable_path/Frameworks @loader_path/Frameworks";
				PRODUCT_BUNDLE_IDENTIFIER = "com.jianan.GA-DrawerTests";
				PRODUCT_NAME = "$(TARGET_NAME)";
				TEST_HOST = "$(BUILT_PRODUCTS_DIR)/GA_Drawer.app/GA_Drawer";
			};
			name = Debug;
		};
		DCEDECD61C91553400B3EBE4 /* Release */ = {
			isa = XCBuildConfiguration;
			buildSettings = {
				BUNDLE_LOADER = "$(TEST_HOST)";
				INFOPLIST_FILE = GA_DrawerTests/Info.plist;
				LD_RUNPATH_SEARCH_PATHS = "$(inherited) @executable_path/Frameworks @loader_path/Frameworks";
				PRODUCT_BUNDLE_IDENTIFIER = "com.jianan.GA-DrawerTests";
				PRODUCT_NAME = "$(TARGET_NAME)";
				TEST_HOST = "$(BUILT_PRODUCTS_DIR)/GA_Drawer.app/GA_Drawer";
			};
			name = Release;
		};
		DCEDECD81C91553400B3EBE4 /* Debug */ = {
			isa = XCBuildConfiguration;
			buildSettings = {
				INFOPLIST_FILE = GA_DrawerUITests/Info.plist;
				LD_RUNPATH_SEARCH_PATHS = "$(inherited) @executable_path/Frameworks @loader_path/Frameworks";
				PRODUCT_BUNDLE_IDENTIFIER = "com.jianan.GA-DrawerUITests";
				PRODUCT_NAME = "$(TARGET_NAME)";
				TEST_TARGET_NAME = GA_Drawer;
				USES_XCTRUNNER = YES;
			};
			name = Debug;
		};
		DCEDECD91C91553400B3EBE4 /* Release */ = {
			isa = XCBuildConfiguration;
			buildSettings = {
				INFOPLIST_FILE = GA_DrawerUITests/Info.plist;
				LD_RUNPATH_SEARCH_PATHS = "$(inherited) @executable_path/Frameworks @loader_path/Frameworks";
				PRODUCT_BUNDLE_IDENTIFIER = "com.jianan.GA-DrawerUITests";
				PRODUCT_NAME = "$(TARGET_NAME)";
				TEST_TARGET_NAME = GA_Drawer;
				USES_XCTRUNNER = YES;
			};
			name = Release;
		};
/* End XCBuildConfiguration section */

/* Begin XCConfigurationList section */
		DCEDECA41C91553400B3EBE4 /* Build configuration list for PBXProject "GA_Drawer" */ = {
			isa = XCConfigurationList;
			buildConfigurations = (
				DCEDECCF1C91553400B3EBE4 /* Debug */,
				DCEDECD01C91553400B3EBE4 /* Release */,
			);
			defaultConfigurationIsVisible = 0;
			defaultConfigurationName = Release;
		};
		DCEDECD11C91553400B3EBE4 /* Build configuration list for PBXNativeTarget "GA_Drawer" */ = {
			isa = XCConfigurationList;
			buildConfigurations = (
				DCEDECD21C91553400B3EBE4 /* Debug */,
				DCEDECD31C91553400B3EBE4 /* Release */,
			);
			defaultConfigurationIsVisible = 0;
		};
		DCEDECD41C91553400B3EBE4 /* Build configuration list for PBXNativeTarget "GA_DrawerTests" */ = {
			isa = XCConfigurationList;
			buildConfigurations = (
				DCEDECD51C91553400B3EBE4 /* Debug */,
				DCEDECD61C91553400B3EBE4 /* Release */,
			);
			defaultConfigurationIsVisible = 0;
		};
		DCEDECD71C91553400B3EBE4 /* Build configuration list for PBXNativeTarget "GA_DrawerUITests" */ = {
			isa = XCConfigurationList;
			buildConfigurations = (
				DCEDECD81C91553400B3EBE4 /* Debug */,
				DCEDECD91C91553400B3EBE4 /* Release */,
			);
			defaultConfigurationIsVisible = 0;
		};
/* End XCConfigurationList section */
	};
	rootObject = DCEDECA11C91553400B3EBE4 /* Project object */;
}
